
Microsoft Visual Studio Solution File, Format Version 12.00
# Visual Studio Express 14 for Windows Desktop
VisualStudioVersion = 14.0.23107.0
MinimumVisualStudioVersion = 10.0.40219.1
Project("{8BC9CEB8-8B4A-11D0-8D11-00A0C91BC942}") = "complex", "complex\complex.vcxproj", "{7922D1A4-8F3A-4B8E-999B-741C3E84FBD5}"
EndProject
Project("{8BC9CEB8-8B4A-11D0-8D11-00A0C91BC942}") = "rational", "rational\rational.vcxproj", "{86AB6B0A-C31E-4E84-9E2C-3B5CC5096EF8}"
EndProject
Project("{8BC9CEB8-8B4A-11D0-8D11-00A0C91BC942}") = "vec3d", "vec3d\vec3d.vcxproj", "{7E45801F-5878-4ED6-9DFC-DA60F3152C50}"
EndProject
Global
	GlobalSection(SolutionConfigurationPlatforms) = preSolution
		Debug|x64 = Debug|x64
		Debug|x86 = Debug|x86
		Release|x64 = Release|x64
		Release|x86 = Release|x86
	EndGlobalSection
	GlobalSection(ProjectConfigurationPlatforms) = postSolution
		{7922D1A4-8F3A-4B8E-999B-741C3E84FBD5}.Debug|x64.ActiveCfg = Debug|x64
		{7922D1A4-8F3A-4B8E-999B-741C3E84FBD5}.Debug|x64.Build.0 = Debug|x64
		{7922D1A4-8F3A-4B8E-999B-741C3E84FBD5}.Debug|x86.ActiveCfg = Debug|Win32
		{7922D1A4-8F3A-4B8E-999B-741C3E84FBD5}.Debug|x86.Build.0 = Debug|Win32
		{7922D1A4-8F3A-4B8E-999B-741C3E84FBD5}.Release|x64.ActiveCfg = Release|x64
		{7922D1A4-8F3A-4B8E-999B-741C3E84FBD5}.Release|x64.Build.0 = Release|x64
		{7922D1A4-8F3A-4B8E-999B-741C3E84FBD5}.Release|x86.ActiveCfg = Release|Win32
		{7922D1A4-8F3A-4B8E-999B-741C3E84FBD5}.Release|x86.Build.0 = Release|Win32
		{86AB6B0A-C31E-4E84-9E2C-3B5CC5096EF8}.Debug|x64.ActiveCfg = Debug|x64
		{86AB6B0A-C31E-4E84-9E2C-3B5CC5096EF8}.Debug|x64.Build.0 = Debug|x64
		{86AB6B0A-C31E-4E84-9E2C-3B5CC5096EF8}.Debug|x86.ActiveCfg = Debug|Win32
		{86AB6B0A-C31E-4E84-9E2C-3B5CC5096EF8}.Debug|x86.Build.0 = Debug|Win32
		{86AB6B0A-C31E-4E84-9E2C-3B5CC5096EF8}.Release|x64.ActiveCfg = Release|x64
		{86AB6B0A-C31E-4E84-9E2C-3B5CC5096EF8}.Release|x64.Build.0 = Release|x64
		{86AB6B0A-C31E-4E84-9E2C-3B5CC5096EF8}.Release|x86.ActiveCfg = Release|Win32
		{86AB6B0A-C31E-4E84-9E2C-3B5CC5096EF8}.Release|x86.Build.0 = Release|Win32
		{7E45801F-5878-4ED6-9DFC-DA60F3152C50}.Debug|x64.ActiveCfg = Debug|x64
		{7E45801F-5878-4ED6-9DFC-DA60F3152C50}.Debug|x64.Build.0 = Debug|x64
		{7E45801F-5878-4ED6-9DFC-DA60F3152C50}.Debug|x86.ActiveCfg = Debug|Win32
		{7E45801F-5878-4ED6-9DFC-DA60F3152C50}.Debug|x86.Build.0 = Debug|Win32
		{7E45801F-5878-4ED6-9DFC-DA60F3152C50}.Release|x64.ActiveCfg = Release|x64
		{7E45801F-5878-4ED6-9DFC-DA60F3152C50}.Release|x64.Build.0 = Release|x64
		{7E45801F-5878-4ED6-9DFC-DA60F3152C50}.Release|x86.ActiveCfg = Release|Win32
		{7E45801F-5878-4ED6-9DFC-DA60F3152C50}.Release|x86.Build.0 = Release|Win32
	EndGlobalSection
	GlobalSection(SolutionProperties) = preSolution
		HideSolutionNode = FALSE
	EndGlobalSection
EndGlobal
